
Microsoft Visual Studio Solution File, Format Version 12.00
# Visual Studio Version 17
VisualStudioVersion = 17.9.34728.123
MinimumVisualStudioVersion = 10.0.40219.1
Project("{FAE04EC0-301F-11D3-BF4B-00C04F79EFBC}") = "BlazorApp", "BlazorApp\BlazorApp\BlazorApp.csproj", "{E3791306-EE45-4F7C-B7B1-975E2B85B36C}"
EndProject
Project("{FAE04EC0-301F-11D3-BF4B-00C04F79EFBC}") = "BlazorApp.Client", "BlazorApp\BlazorApp.Client\BlazorApp.Client.csproj", "{3D19993C-4982-481A-A9A2-852E050E6501}"
EndProject
Global
	GlobalSection(SolutionConfigurationPlatforms) = preSolution
		Debug|Any CPU = Debug|Any CPU
		Release|Any CPU = Release|Any CPU
	EndGlobalSection
	GlobalSection(ProjectConfigurationPlatforms) = postSolution
		{E3791306-EE45-4F7C-B7B1-975E2B85B36C}.Debug|Any CPU.ActiveCfg = Debug|Any CPU
		{E3791306-EE45-4F7C-B7B1-975E2B85B36C}.Debug|Any CPU.Build.0 = Debug|Any CPU
		{E3791306-EE45-4F7C-B7B1-975E2B85B36C}.Release|Any CPU.ActiveCfg = Release|Any CPU
		{E3791306-EE45-4F7C-B7B1-975E2B85B36C}.Release|Any CPU.Build.0 = Release|Any CPU
		{3D19993C-4982-481A-A9A2-852E050E6501}.Debug|Any CPU.ActiveCfg = Debug|Any CPU
		{3D19993C-4982-481A-A9A2-852E050E6501}.Debug|Any CPU.Build.0 = Debug|Any CPU
		{3D19993C-4982-481A-A9A2-852E050E6501}.Release|Any CPU.ActiveCfg = Release|Any CPU
		{3D19993C-4982-481A-A9A2-852E050E6501}.Release|Any CPU.Build.0 = Release|Any CPU
	EndGlobalSection
	GlobalSection(SolutionProperties) = preSolution
		HideSolutionNode = FALSE
	EndGlobalSection
	GlobalSection(ExtensibilityGlobals) = postSolution
		SolutionGuid = {F3EB7DAC-4997-4B6C-8F5B-742E8BABC043}
	EndGlobalSection
EndGlobal
